
Microsoft Visual Studio Solution File, Format Version 12.00
Project("{FAE04EC0-301F-11D3-BF4B-00C04F79EFBC}") = "Ectoplasm", "Ectoplasm.csproj", "{D88E2CD7-7E3D-4626-886F-CE310B2F43CD}"
EndProject
Global
	GlobalSection(SolutionConfigurationPlatforms) = preSolution
		Debug|Any CPU = Debug|Any CPU
		Release|Any CPU = Release|Any CPU
	EndGlobalSection
	GlobalSection(ProjectConfigurationPlatforms) = postSolution
		{D88E2CD7-7E3D-4626-886F-CE310B2F43CD}.Debug|Any CPU.ActiveCfg = Debug|Any CPU
		{D88E2CD7-7E3D-4626-886F-CE310B2F43CD}.Debug|Any CPU.Build.0 = Debug|Any CPU
		{D88E2CD7-7E3D-4626-886F-CE310B2F43CD}.Release|Any CPU.ActiveCfg = Release|Any CPU
		{D88E2CD7-7E3D-4626-886F-CE310B2F43CD}.Release|Any CPU.Build.0 = Release|Any CPU
	EndGlobalSection
EndGlobal
